// !$*UTF8*$!
{
	archiveVersion = 1;
	classes = {
	};
	objectVersion = 77;
	objects = {

/* Begin PBXContainerItemProxy section */
		D34F8C5B2DFF5639006FE618 /* PBXContainerItemProxy */ = {
			isa = PBXContainerItemProxy;
			containerPortal = D34F8C442DFF5637006FE618 /* Project object */;
			proxyType = 1;
			remoteGlobalIDString = D34F8C4B2DFF5637006FE618;
			remoteInfo = PetProjectSUI;
		};
		D34F8C652DFF5639006FE618 /* PBXContainerItemProxy */ = {
			isa = PBXContainerItemProxy;
			containerPortal = D34F8C442DFF5637006FE618 /* Project object */;
			proxyType = 1;
			remoteGlobalIDString = D34F8C4B2DFF5637006FE618;
			remoteInfo = PetProjectSUI;
		};
/* End PBXContainerItemProxy section */

/* Begin PBXFileReference section */
		D34F8C4C2DFF5637006FE618 /* PetProjectSUI.app */ = {isa = PBXFileReference; explicitFileType = wrapper.application; includeInIndex = 0; path = PetProjectSUI.app; sourceTree = BUILT_PRODUCTS_DIR; };
		D34F8C5A2DFF5639006FE618 /* PetProjectSUITests.xctest */ = {isa = PBXFileReference; explicitFileType = wrapper.cfbundle; includeInIndex = 0; path = PetProjectSUITests.xctest; sourceTree = BUILT_PRODUCTS_DIR; };
		D34F8C642DFF5639006FE618 /* PetProjectSUIUITests.xctest */ = {isa = PBXFileReference; explicitFileType = wrapper.cfbundle; includeInIndex = 0; path = PetProjectSUIUITests.xctest; sourceTree = BUILT_PRODUCTS_DIR; };
/* End PBXFileReference section */

/* Begin PBXFileSystemSynchronizedRootGroup section */
		D34F8C4E2DFF5637006FE618 /* PetProjectSUI */ = {
			isa = PBXFileSystemSynchronizedRootGroup;
			path = PetProjectSUI;
			sourceTree = "<group>";
		};
		D34F8C5D2DFF5639006FE618 /* PetProjectSUITests */ = {
			isa = PBXFileSystemSynchronizedRootGroup;
			path = PetProjectSUITests;
			sourceTree = "<group>";
		};
		D34F8C672DFF5639006FE618 /* PetProjectSUIUITests */ = {
			isa = PBXFileSystemSynchronizedRootGroup;
			path = PetProjectSUIUITests;
			sourceTree = "<group>";
		};
/* End PBXFileSystemSynchronizedRootGroup section */

/* Begin PBXFrameworksBuildPhase section */
		D34F8C492DFF5637006FE618 /* Frameworks */ = {
			isa = PBXFrameworksBuildPhase;
			buildActionMask = 2147483647;
			files = (
			);
			runOnlyForDeploymentPostprocessing = 0;
		};
		D34F8C572DFF5639006FE618 /* Frameworks */ = {
			isa = PBXFrameworksBuildPhase;
			buildActionMask = 2147483647;
			files = (
			);
			runOnlyForDeploymentPostprocessing = 0;
		};
		D34F8C612DFF5639006FE618 /* Frameworks */ = {
			isa = PBXFrameworksBuildPhase;
			buildActionMask = 2147483647;
			files = (
			);
			runOnlyForDeploymentPostprocessing = 0;
		};
/* End PBXFrameworksBuildPhase section */

/* Begin PBXGroup section */
		D34F8C432DFF5637006FE618 = {
			isa = PBXGroup;
			children = (
				D34F8C4E2DFF5637006FE618 /* PetProjectSUI */,
				D34F8C5D2DFF5639006FE618 /* PetProjectSUITests */,
				D34F8C672DFF5639006FE618 /* PetProjectSUIUITests */,
				D34F8C4D2DFF5637006FE618 /* Products */,
			);
			sourceTree = "<group>";
		};
		D34F8C4D2DFF5637006FE618 /* Products */ = {
			isa = PBXGroup;
			children = (
				D34F8C4C2DFF5637006FE618 /* PetProjectSUI.app */,
				D34F8C5A2DFF5639006FE618 /* PetProjectSUITests.xctest */,
				D34F8C642DFF5639006FE618 /* PetProjectSUIUITests.xctest */,
			);
			name = Products;
			sourceTree = "<group>";
		};
/* End PBXGroup section */

/* Begin PBXNativeTarget section */
		D34F8C4B2DFF5637006FE618 /* PetProjectSUI */ = {
			isa = PBXNativeTarget;
			buildConfigurationList = D34F8C6E2DFF5639006FE618 /* Build configuration list for PBXNativeTarget "PetProjectSUI" */;
			buildPhases = (
				D34F8C482DFF5637006FE618 /* Sources */,
				D34F8C492DFF5637006FE618 /* Frameworks */,
				D34F8C4A2DFF5637006FE618 /* Resources */,
			);
			buildRules = (
			);
			dependencies = (
			);
			fileSystemSynchronizedGroups = (
				D34F8C4E2DFF5637006FE618 /* PetProjectSUI */,
			);
			name = PetProjectSUI;
			packageProductDependencies = (
			);
			productName = PetProjectSUI;
			productReference = D34F8C4C2DFF5637006FE618 /* PetProjectSUI.app */;
			productType = "com.apple.product-type.application";
		};
		D34F8C592DFF5639006FE618 /* PetProjectSUITests */ = {
			isa = PBXNativeTarget;
			buildConfigurationList = D34F8C712DFF5639006FE618 /* Build configuration list for PBXNativeTarget "PetProjectSUITests" */;
			buildPhases = (
				D34F8C562DFF5639006FE618 /* Sources */,
				D34F8C572DFF5639006FE618 /* Frameworks */,
				D34F8C582DFF5639006FE618 /* Resources */,
			);
			buildRules = (
			);
			dependencies = (
				D34F8C5C2DFF5639006FE618 /* PBXTargetDependency */,
			);
			fileSystemSynchronizedGroups = (
				D34F8C5D2DFF5639006FE618 /* PetProjectSUITests */,
			);
			name = PetProjectSUITests;
			packageProductDependencies = (
			);
			productName = PetProjectSUITests;
			productReference = D34F8C5A2DFF5639006FE618 /* PetProjectSUITests.xctest */;
			productType = "com.apple.product-type.bundle.unit-test";
		};
		D34F8C632DFF5639006FE618 /* PetProjectSUIUITests */ = {
			isa = PBXNativeTarget;
			buildConfigurationList = D34F8C742DFF5639006FE618 /* Build configuration list for PBXNativeTarget "PetProjectSUIUITests" */;
			buildPhases = (
				D34F8C602DFF5639006FE618 /* Sources */,
				D34F8C612DFF5639006FE618 /* Frameworks */,
				D34F8C622DFF5639006FE618 /* Resources */,
			);
			buildRules = (
			);
			dependencies = (
				D34F8C662DFF5639006FE618 /* PBXTargetDependency */,
			);
			fileSystemSynchronizedGroups = (
				D34F8C672DFF5639006FE618 /* PetProjectSUIUITests */,
			);
			name = PetProjectSUIUITests;
			packageProductDependencies = (
			);
			productName = PetProjectSUIUITests;
			productReference = D34F8C642DFF5639006FE618 /* PetProjectSUIUITests.xctest */;
			productType = "com.apple.product-type.bundle.ui-testing";
		};
/* End PBXNativeTarget section */

/* Begin PBXProject section */
		D34F8C442DFF5637006FE618 /* Project object */ = {
			isa = PBXProject;
			attributes = {
				BuildIndependentTargetsInParallel = 1;
				LastSwiftUpdateCheck = 1630;
				LastUpgradeCheck = 1630;
				TargetAttributes = {
					D34F8C4B2DFF5637006FE618 = {
						CreatedOnToolsVersion = 16.3;
					};
					D34F8C592DFF5639006FE618 = {
						CreatedOnToolsVersion = 16.3;
						TestTargetID = D34F8C4B2DFF5637006FE618;
					};
					D34F8C632DFF5639006FE618 = {
						CreatedOnToolsVersion = 16.3;
						TestTargetID = D34F8C4B2DFF5637006FE618;
					};
				};
			};
			buildConfigurationList = D34F8C472DFF5637006FE618 /* Build configuration list for PBXProject "PetProjectSUI" */;
			developmentRegion = en;
			hasScannedForEncodings = 0;
			knownRegions = (
				en,
				Base,
			);
			mainGroup = D34F8C432DFF5637006FE618;
			minimizedProjectReferenceProxies = 1;
			preferredProjectObjectVersion = 77;
			productRefGroup = D34F8C4D2DFF5637006FE618 /* Products */;
			projectDirPath = "";
			projectRoot = "";
			targets = (
				D34F8C4B2DFF5637006FE618 /* PetProjectSUI */,
				D34F8C592DFF5639006FE618 /* PetProjectSUITests */,
				D34F8C632DFF5639006FE618 /* PetProjectSUIUITests */,
			);
		};
/* End PBXProject section */

/* Begin PBXResourcesBuildPhase section */
		D34F8C4A2DFF5637006FE618 /* Resources */ = {
			isa = PBXResourcesBuildPhase;
			buildActionMask = 2147483647;
			files = (
			);
			runOnlyForDeploymentPostprocessing = 0;
		};
		D34F8C582DFF5639006FE618 /* Resources */ = {
			isa = PBXResourcesBuildPhase;
			buildActionMask = 2147483647;
			files = (
			);
			runOnlyForDeploymentPostprocessing = 0;
		};
		D34F8C622DFF5639006FE618 /* Resources */ = {
			isa = PBXResourcesBuildPhase;
			buildActionMask = 2147483647;
			files = (
			);
			runOnlyForDeploymentPostprocessing = 0;
		};
/* End PBXResourcesBuildPhase section */

/* Begin PBXSourcesBuildPhase section */
		D34F8C482DFF5637006FE618 /* Sources */ = {
			isa = PBXSourcesBuildPhase;
			buildActionMask = 2147483647;
			files = (
			);
			runOnlyForDeploymentPostprocessing = 0;
		};
		D34F8C562DFF5639006FE618 /* Sources */ = {
			isa = PBXSourcesBuildPhase;
			buildActionMask = 2147483647;
			files = (
			);
			runOnlyForDeploymentPostprocessing = 0;
		};
		D34F8C602DFF5639006FE618 /* Sources */ = {
			isa = PBXSourcesBuildPhase;
			buildActionMask = 2147483647;
			files = (
			);
			runOnlyForDeploymentPostprocessing = 0;
		};
/* End PBXSourcesBuildPhase section */

/* Begin PBXTargetDependency section */
		D34F8C5C2DFF5639006FE618 /* PBXTargetDependency */ = {
			isa = PBXTargetDependency;
			target = D34F8C4B2DFF5637006FE618 /* PetProjectSUI */;
			targetProxy = D34F8C5B2DFF5639006FE618 /* PBXContainerItemProxy */;
		};
		D34F8C662DFF5639006FE618 /* PBXTargetDependency */ = {
			isa = PBXTargetDependency;
			target = D34F8C4B2DFF5637006FE618 /* PetProjectSUI */;
			targetProxy = D34F8C652DFF5639006FE618 /* PBXContainerItemProxy */;
		};
/* End PBXTargetDependency section */

/* Begin XCBuildConfiguration section */
		D34F8C6C2DFF5639006FE618 /* Debug */ = {
			isa = XCBuildConfiguration;
			buildSettings = {
				ALWAYS_SEARCH_USER_PATHS = NO;
				ASSETCATALOG_COMPILER_GENERATE_SWIFT_ASSET_SYMBOL_EXTENSIONS = YES;
				CLANG_ANALYZER_NONNULL = YES;
				CLANG_ANALYZER_NUMBER_OBJECT_CONVERSION = YES_AGGRESSIVE;
				CLANG_CXX_LANGUAGE_STANDARD = "gnu++20";
				CLANG_ENABLE_MODULES = YES;
				CLANG_ENABLE_OBJC_ARC = YES;
				CLANG_ENABLE_OBJC_WEAK = YES;
				CLANG_WARN_BLOCK_CAPTURE_AUTORELEASING = YES;
				CLANG_WARN_BOOL_CONVERSION = YES;
				CLANG_WARN_COMMA = YES;
				CLANG_WARN_CONSTANT_CONVERSION = YES;
				CLANG_WARN_DEPRECATED_OBJC_IMPLEMENTATIONS = YES;
				CLANG_WARN_DIRECT_OBJC_ISA_USAGE = YES_ERROR;
				CLANG_WARN_DOCUMENTATION_COMMENTS = YES;
				CLANG_WARN_EMPTY_BODY = YES;
				CLANG_WARN_ENUM_CONVERSION = YES;
				CLANG_WARN_INFINITE_RECURSION = YES;
				CLANG_WARN_INT_CONVERSION = YES;
				CLANG_WARN_NON_LITERAL_NULL_CONVERSION = YES;
				CLANG_WARN_OBJC_IMPLICIT_RETAIN_SELF = YES;
				CLANG_WARN_OBJC_LITERAL_CONVERSION = YES;
				CLANG_WARN_OBJC_ROOT_CLASS = YES_ERROR;
				CLANG_WARN_QUOTED_INCLUDE_IN_FRAMEWORK_HEADER = YES;
				CLANG_WARN_RANGE_LOOP_ANALYSIS = YES;
				CLANG_WARN_STRICT_PROTOTYPES = YES;
				CLANG_WARN_SUSPICIOUS_MOVE = YES;
				CLANG_WARN_UNGUARDED_AVAILABILITY = YES_AGGRESSIVE;
				CLANG_WARN_UNREACHABLE_CODE = YES;
				CLANG_WARN__DUPLICATE_METHOD_MATCH = YES;
				COPY_PHASE_STRIP = NO;
				DEBUG_INFORMATION_FORMAT = dwarf;
				DEVELOPMENT_TEAM = RLXQTJDSYA;
				ENABLE_STRICT_OBJC_MSGSEND = YES;
				ENABLE_TESTABILITY = YES;
				ENABLE_USER_SCRIPT_SANDBOXING = YES;
				GCC_C_LANGUAGE_STANDARD = gnu17;
				GCC_DYNAMIC_NO_PIC = NO;
				GCC_NO_COMMON_BLOCKS = YES;
				GCC_OPTIMIZATION_LEVEL = 0;
				GCC_PREPROCESSOR_DEFINITIONS = (
					"DEBUG=1",
					"$(inherited)",
				);
				GCC_WARN_64_TO_32_BIT_CONVERSION = YES;
				GCC_WARN_ABOUT_RETURN_TYPE = YES_ERROR;
				GCC_WARN_UNDECLARED_SELECTOR = YES;
				GCC_WARN_UNINITIALIZED_AUTOS = YES_AGGRESSIVE;
				GCC_WARN_UNUSED_FUNCTION = YES;
				GCC_WARN_UNUSED_VARIABLE = YES;
				LOCALIZATION_PREFERS_STRING_CATALOGS = YES;
				MACOSX_DEPLOYMENT_TARGET = 15.4;
				MTL_ENABLE_DEBUG_INFO = INCLUDE_SOURCE;
				MTL_FAST_MATH = YES;
				ONLY_ACTIVE_ARCH = YES;
				SDKROOT = macosx;
				SWIFT_ACTIVE_COMPILATION_CONDITIONS = "DEBUG $(inherited)";
				SWIFT_OPTIMIZATION_LEVEL = "-Onone";
			};
			name = Debug;
		};
		D34F8C6D2DFF5639006FE618 /* Release */ = {
			isa = XCBuildConfiguration;
			buildSettings = {
				ALWAYS_SEARCH_USER_PATHS = NO;
				ASSETCATALOG_COMPILER_GENERATE_SWIFT_ASSET_SYMBOL_EXTENSIONS = YES;
				CLANG_ANALYZER_NONNULL = YES;
				CLANG_ANALYZER_NUMBER_OBJECT_CONVERSION = YES_AGGRESSIVE;
				CLANG_CXX_LANGUAGE_STANDARD = "gnu++20";
				CLANG_ENABLE_MODULES = YES;
				CLANG_ENABLE_OBJC_ARC = YES;
				CLANG_ENABLE_OBJC_WEAK = YES;
				CLANG_WARN_BLOCK_CAPTURE_AUTORELEASING = YES;
				CLANG_WARN_BOOL_CONVERSION = YES;
				CLANG_WARN_COMMA = YES;
				CLANG_WARN_CONSTANT_CONVERSION = YES;
				CLANG_WARN_DEPRECATED_OBJC_IMPLEMENTATIONS = YES;
				CLANG_WARN_DIRECT_OBJC_ISA_USAGE = YES_ERROR;
				CLANG_WARN_DOCUMENTATION_COMMENTS = YES;
				CLANG_WARN_EMPTY_BODY = YES;
				CLANG_WARN_ENUM_CONVERSION = YES;
				CLANG_WARN_INFINITE_RECURSION = YES;
				CLANG_WARN_INT_CONVERSION = YES;
				CLANG_WARN_NON_LITERAL_NULL_CONVERSION = YES;
				CLANG_WARN_OBJC_IMPLICIT_RETAIN_SELF = YES;
				CLANG_WARN_OBJC_LITERAL_CONVERSION = YES;
				CLANG_WARN_OBJC_ROOT_CLASS = YES_ERROR;
				CLANG_WARN_QUOTED_INCLUDE_IN_FRAMEWORK_HEADER = YES;
				CLANG_WARN_RANGE_LOOP_ANALYSIS = YES;
				CLANG_WARN_STRICT_PROTOTYPES = YES;
				CLANG_WARN_SUSPICIOUS_MOVE = YES;
				CLANG_WARN_UNGUARDED_AVAILABILITY = YES_AGGRESSIVE;
				CLANG_WARN_UNREACHABLE_CODE = YES;
				CLANG_WARN__DUPLICATE_METHOD_MATCH = YES;
				COPY_PHASE_STRIP = NO;
				DEBUG_INFORMATION_FORMAT = "dwarf-with-dsym";
				DEVELOPMENT_TEAM = RLXQTJDSYA;
				ENABLE_NS_ASSERTIONS = NO;
				ENABLE_STRICT_OBJC_MSGSEND = YES;
				ENABLE_USER_SCRIPT_SANDBOXING = YES;
				GCC_C_LANGUAGE_STANDARD = gnu17;
				GCC_NO_COMMON_BLOCKS = YES;
				GCC_WARN_64_TO_32_BIT_CONVERSION = YES;
				GCC_WARN_ABOUT_RETURN_TYPE = YES_ERROR;
				GCC_WARN_UNDECLARED_SELECTOR = YES;
				GCC_WARN_UNINITIALIZED_AUTOS = YES_AGGRESSIVE;
				GCC_WARN_UNUSED_FUNCTION = YES;
				GCC_WARN_UNUSED_VARIABLE = YES;
				LOCALIZATION_PREFERS_STRING_CATALOGS = YES;
				MACOSX_DEPLOYMENT_TARGET = 15.4;
				MTL_ENABLE_DEBUG_INFO = NO;
				MTL_FAST_MATH = YES;
				SDKROOT = macosx;
				SWIFT_COMPILATION_MODE = wholemodule;
			};
			name = Release;
		};
		D34F8C6F2DFF5639006FE618 /* Debug */ = {
			isa = XCBuildConfiguration;
			buildSettings = {
				ASSETCATALOG_COMPILER_APPICON_NAME = AppIcon;
				ASSETCATALOG_COMPILER_GLOBAL_ACCENT_COLOR_NAME = AccentColor;
				CODE_SIGN_ENTITLEMENTS = PetProjectSUI/PetProjectSUI.entitlements;
				CODE_SIGN_STYLE = Automatic;
				COMBINE_HIDPI_IMAGES = YES;
				CURRENT_PROJECT_VERSION = 1;
				DEVELOPMENT_TEAM = RLXQTJDSYA;
				ENABLE_HARDENED_RUNTIME = YES;
				ENABLE_PREVIEWS = YES;
				GENERATE_INFOPLIST_FILE = YES;
				INFOPLIST_KEY_NSHumanReadableCopyright = "";
				LD_RUNPATH_SEARCH_PATHS = (
					"$(inherited)",
					"@executable_path/../Frameworks",
				);
				MARKETING_VERSION = 1.0;
				PRODUCT_BUNDLE_IDENTIFIER = Pet.PetProjectSUI;
				PRODUCT_NAME = "$(TARGET_NAME)";
				REGISTER_APP_GROUPS = YES;
				SUPPORTED_PLATFORMS = "iphoneos iphonesimulator";
				SUPPORTS_MACCATALYST = NO;
				SWIFT_EMIT_LOC_STRINGS = YES;
				SWIFT_VERSION = 5.0;
				TARGETED_DEVICE_FAMILY = 1;
			};
			name = Debug;
		};
		D34F8C702DFF5639006FE618 /* Release */ = {
			isa = XCBuildConfiguration;
			buildSettings = {
				ASSETCATALOG_COMPILER_APPICON_NAME = AppIcon;
				ASSETCATALOG_COMPILER_GLOBAL_ACCENT_COLOR_NAME = AccentColor;
				CODE_SIGN_ENTITLEMENTS = PetProjectSUI/PetProjectSUI.entitlements;
				CODE_SIGN_STYLE = Automatic;
				COMBINE_HIDPI_IMAGES = YES;
				CURRENT_PROJECT_VERSION = 1;
				DEVELOPMENT_TEAM = RLXQTJDSYA;
				ENABLE_HARDENED_RUNTIME = YES;
				ENABLE_PREVIEWS = YES;
				GENERATE_INFOPLIST_FILE = YES;
				INFOPLIST_KEY_NSHumanReadableCopyright = "";
				LD_RUNPATH_SEARCH_PATHS = (
					"$(inherited)",
					"@executable_path/../Frameworks",
				);
				MARKETING_VERSION = 1.0;
				PRODUCT_BUNDLE_IDENTIFIER = Pet.PetProjectSUI;
				PRODUCT_NAME = "$(TARGET_NAME)";
				REGISTER_APP_GROUPS = YES;
				SUPPORTED_PLATFORMS = "iphoneos iphonesimulator";
				SUPPORTS_MACCATALYST = NO;
				SWIFT_EMIT_LOC_STRINGS = YES;
				SWIFT_VERSION = 5.0;
				TARGETED_DEVICE_FAMILY = 1;
			};
			name = Release;
		};
		D34F8C722DFF5639006FE618 /* Debug */ = {
			isa = XCBuildConfiguration;
			buildSettings = {
				BUNDLE_LOADER = "$(TEST_HOST)";
				CODE_SIGN_STYLE = Automatic;
				CURRENT_PROJECT_VERSION = 1;
				DEVELOPMENT_TEAM = RLXQTJDSYA;
				GENERATE_INFOPLIST_FILE = YES;
				MACOSX_DEPLOYMENT_TARGET = 15.4;
				MARKETING_VERSION = 1.0;
				PRODUCT_BUNDLE_IDENTIFIER = Pet.PetProjectSUITests;
				PRODUCT_NAME = "$(TARGET_NAME)";
				SWIFT_EMIT_LOC_STRINGS = NO;
				SWIFT_VERSION = 5.0;
				TEST_HOST = "$(BUILT_PRODUCTS_DIR)/PetProjectSUI.app/$(BUNDLE_EXECUTABLE_FOLDER_PATH)/PetProjectSUI";
			};
			name = Debug;
		};
		D34F8C732DFF5639006FE618 /* Release */ = {
			isa = XCBuildConfiguration;
			buildSettings = {
				BUNDLE_LOADER = "$(TEST_HOST)";
				CODE_SIGN_STYLE = Automatic;
				CURRENT_PROJECT_VERSION = 1;
				DEVELOPMENT_TEAM = RLXQTJDSYA;
				GENERATE_INFOPLIST_FILE = YES;
				MACOSX_DEPLOYMENT_TARGET = 15.4;
				MARKETING_VERSION = 1.0;
				PRODUCT_BUNDLE_IDENTIFIER = Pet.PetProjectSUITests;
				PRODUCT_NAME = "$(TARGET_NAME)";
				SWIFT_EMIT_LOC_STRINGS = NO;
				SWIFT_VERSION = 5.0;
				TEST_HOST = "$(BUILT_PRODUCTS_DIR)/PetProjectSUI.app/$(BUNDLE_EXECUTABLE_FOLDER_PATH)/PetProjectSUI";
			};
			name = Release;
		};
		D34F8C752DFF5639006FE618 /* Debug */ = {
			isa = XCBuildConfiguration;
			buildSettings = {
				CODE_SIGN_STYLE = Automatic;
				CURRENT_PROJECT_VERSION = 1;
				DEVELOPMENT_TEAM = RLXQTJDSYA;
				GENERATE_INFOPLIST_FILE = YES;
				MARKETING_VERSION = 1.0;
				PRODUCT_BUNDLE_IDENTIFIER = Pet.PetProjectSUIUITests;
				PRODUCT_NAME = "$(TARGET_NAME)";
				SWIFT_EMIT_LOC_STRINGS = NO;
				SWIFT_VERSION = 5.0;
				TEST_TARGET_NAME = PetProjectSUI;
			};
			name = Debug;
		};
		D34F8C762DFF5639006FE618 /* Release */ = {
			isa = XCBuildConfiguration;
			buildSettings = {
				CODE_SIGN_STYLE = Automatic;
				CURRENT_PROJECT_VERSION = 1;
				DEVELOPMENT_TEAM = RLXQTJDSYA;
				GENERATE_INFOPLIST_FILE = YES;
				MARKETING_VERSION = 1.0;
				PRODUCT_BUNDLE_IDENTIFIER = Pet.PetProjectSUIUITests;
				PRODUCT_NAME = "$(TARGET_NAME)";
				SWIFT_EMIT_LOC_STRINGS = NO;
				SWIFT_VERSION = 5.0;
				TEST_TARGET_NAME = PetProjectSUI;
			};
			name = Release;
		};
/* End XCBuildConfiguration section */

/* Begin XCConfigurationList section */
		D34F8C472DFF5637006FE618 /* Build configuration list for PBXProject "PetProjectSUI" */ = {
			isa = XCConfigurationList;
			buildConfigurations = (
				D34F8C6C2DFF5639006FE618 /* Debug */,
				D34F8C6D2DFF5639006FE618 /* Release */,
			);
			defaultConfigurationIsVisible = 0;
			defaultConfigurationName = Release;
		};
		D34F8C6E2DFF5639006FE618 /* Build configuration list for PBXNativeTarget "PetProjectSUI" */ = {
			isa = XCConfigurationList;
			buildConfigurations = (
				D34F8C6F2DFF5639006FE618 /* Debug */,
				D34F8C702DFF5639006FE618 /* Release */,
			);
			defaultConfigurationIsVisible = 0;
			defaultConfigurationName = Release;
		};
		D34F8C712DFF5639006FE618 /* Build configuration list for PBXNativeTarget "PetProjectSUITests" */ = {
			isa = XCConfigurationList;
			buildConfigurations = (
				D34F8C722DFF5639006FE618 /* Debug */,
				D34F8C732DFF5639006FE618 /* Release */,
			);
			defaultConfigurationIsVisible = 0;
			defaultConfigurationName = Release;
		};
		D34F8C742DFF5639006FE618 /* Build configuration list for PBXNativeTarget "PetProjectSUIUITests" */ = {
			isa = XCConfigurationList;
			buildConfigurations = (
				D34F8C752DFF5639006FE618 /* Debug */,
				D34F8C762DFF5639006FE618 /* Release */,
			);
			defaultConfigurationIsVisible = 0;
			defaultConfigurationName = Release;
		};
/* End XCConfigurationList section */
	};
	rootObject = D34F8C442DFF5637006FE618 /* Project object */;
}
